
Microsoft Visual Studio Solution File, Format Version 12.00
# Visual Studio Version 17
VisualStudioVersion = 17.0.32014.148
MinimumVisualStudioVersion = 10.0.40219.1
Project("{F184B08F-C81C-45F6-A57F-5ABD9991F28F}") = "CS8PNETIIFM", "CS8PNETIIFM\CS8PNETIIFM.vbproj", "{B6EA47AB-C629-46BB-BC9F-AC35C0559475}"
EndProject
Global
	GlobalSection(SolutionConfigurationPlatforms) = preSolution
		Debug|Any CPU = Debug|Any CPU
		Release|Any CPU = Release|Any CPU
	EndGlobalSection
	GlobalSection(ProjectConfigurationPlatforms) = postSolution
		{B6EA47AB-C629-46BB-BC9F-AC35C0559475}.Debug|Any CPU.ActiveCfg = Debug|Any CPU
		{B6EA47AB-C629-46BB-BC9F-AC35C0559475}.Debug|Any CPU.Build.0 = Debug|Any CPU
		{B6EA47AB-C629-46BB-BC9F-AC35C0559475}.Release|Any CPU.ActiveCfg = Release|Any CPU
		{B6EA47AB-C629-46BB-BC9F-AC35C0559475}.Release|Any CPU.Build.0 = Release|Any CPU
	EndGlobalSection
	GlobalSection(SolutionProperties) = preSolution
		HideSolutionNode = FALSE
	EndGlobalSection
	GlobalSection(ExtensibilityGlobals) = postSolution
		SolutionGuid = {E6B2F495-03B9-4ADD-AEF3-05176BA3B4C7}
	EndGlobalSection
EndGlobal
